
Microsoft Visual Studio Solution File, Format Version 12.00
# Visual Studio 15
VisualStudioVersion = 15.0.28307.705
MinimumVisualStudioVersion = 10.0.40219.1
Project("{FAE04EC0-301F-11D3-BF4B-00C04F79EFBC}") = "CardReader", "CardReader\CardReader.csproj", "{47359A5D-9670-4688-AFBA-6712552EEACF}"
EndProject
Global
	GlobalSection(SolutionConfigurationPlatforms) = preSolution
		Debug|Any CPU = Debug|Any CPU
		Release|Any CPU = Release|Any CPU
	EndGlobalSection
	GlobalSection(ProjectConfigurationPlatforms) = postSolution
		{47359A5D-9670-4688-AFBA-6712552EEACF}.Debug|Any CPU.ActiveCfg = Debug|Any CPU
		{47359A5D-9670-4688-AFBA-6712552EEACF}.Debug|Any CPU.Build.0 = Debug|Any CPU
		{47359A5D-9670-4688-AFBA-6712552EEACF}.Release|Any CPU.ActiveCfg = Release|Any CPU
		{47359A5D-9670-4688-AFBA-6712552EEACF}.Release|Any CPU.Build.0 = Release|Any CPU
	EndGlobalSection
	GlobalSection(SolutionProperties) = preSolution
		HideSolutionNode = FALSE
	EndGlobalSection
	GlobalSection(ExtensibilityGlobals) = postSolution
		SolutionGuid = {898E2939-310C-4123-BBF1-97FE2E6B9A47}
	EndGlobalSection
EndGlobal
